
Microsoft Visual Studio Solution File, Format Version 12.00
# Visual Studio Version 16
VisualStudioVersion = 16.0.808.3
MinimumVisualStudioVersion = 10.0.40219.1
Project("{FAE04EC0-301F-11D3-BF4B-00C04F79EFBC}") = "Teste_Wipro", "Teste_Wipro\Teste_Wipro.csproj", "{6B338214-24D6-4342-9962-72C842A5C7FD}"
EndProject
Global
	GlobalSection(SolutionConfigurationPlatforms) = preSolution
		Debug|Any CPU = Debug|Any CPU
		Release|Any CPU = Release|Any CPU
	EndGlobalSection
	GlobalSection(ProjectConfigurationPlatforms) = postSolution
		{6B338214-24D6-4342-9962-72C842A5C7FD}.Debug|Any CPU.ActiveCfg = Debug|Any CPU
		{6B338214-24D6-4342-9962-72C842A5C7FD}.Debug|Any CPU.Build.0 = Debug|Any CPU
		{6B338214-24D6-4342-9962-72C842A5C7FD}.Release|Any CPU.ActiveCfg = Release|Any CPU
		{6B338214-24D6-4342-9962-72C842A5C7FD}.Release|Any CPU.Build.0 = Release|Any CPU
	EndGlobalSection
	GlobalSection(SolutionProperties) = preSolution
		HideSolutionNode = FALSE
	EndGlobalSection
	GlobalSection(ExtensibilityGlobals) = postSolution
		SolutionGuid = {CA98833B-E3E5-4007-99CA-6366F6C7092C}
	EndGlobalSection
EndGlobal
